
Microsoft Visual Studio Solution File, Format Version 12.00
# Visual Studio 15
VisualStudioVersion = 15.0.27428.2027
MinimumVisualStudioVersion = 10.0.40219.1
Project("{8BC9CEB8-8B4A-11D0-8D11-00A0C91BC942}") = "MyAudioFilter", "MyAudioFilter\MyAudioFilter.vcxproj", "{AF3992C1-EAF2-4B93-8754-B26A572EEA65}"
EndProject
Project("{8BC9CEB8-8B4A-11D0-8D11-00A0C91BC942}") = "BosekiAudioFilter", "BosekiAudioFilter\BosekiSoundFilter.vcxproj", "{4AB4CE30-9788-4283-B73D-4E8957C78095}"
EndProject
Project("{8BC9CEB8-8B4A-11D0-8D11-00A0C91BC942}") = "FilterDllCheck", "FilterDllCheck\FilterDllCheck.vcxproj", "{16CE7149-3421-4180-8474-0E5628AE943C}"
EndProject
Global
	GlobalSection(SolutionConfigurationPlatforms) = preSolution
		Debug|x86 = Debug|x86
		Release|x86 = Release|x86
	EndGlobalSection
	GlobalSection(ProjectConfigurationPlatforms) = postSolution
		{AF3992C1-EAF2-4B93-8754-B26A572EEA65}.Debug|x86.ActiveCfg = Debug|Win32
		{AF3992C1-EAF2-4B93-8754-B26A572EEA65}.Debug|x86.Build.0 = Debug|Win32
		{AF3992C1-EAF2-4B93-8754-B26A572EEA65}.Release|x86.ActiveCfg = Release|Win32
		{AF3992C1-EAF2-4B93-8754-B26A572EEA65}.Release|x86.Build.0 = Release|Win32
		{4AB4CE30-9788-4283-B73D-4E8957C78095}.Debug|x86.ActiveCfg = Debug|Win32
		{4AB4CE30-9788-4283-B73D-4E8957C78095}.Debug|x86.Build.0 = Debug|Win32
		{4AB4CE30-9788-4283-B73D-4E8957C78095}.Release|x86.ActiveCfg = Release|Win32
		{4AB4CE30-9788-4283-B73D-4E8957C78095}.Release|x86.Build.0 = Release|Win32
		{16CE7149-3421-4180-8474-0E5628AE943C}.Debug|x86.ActiveCfg = Debug|Win32
		{16CE7149-3421-4180-8474-0E5628AE943C}.Debug|x86.Build.0 = Debug|Win32
		{16CE7149-3421-4180-8474-0E5628AE943C}.Release|x86.ActiveCfg = Release|Win32
		{16CE7149-3421-4180-8474-0E5628AE943C}.Release|x86.Build.0 = Release|Win32
	EndGlobalSection
	GlobalSection(SolutionProperties) = preSolution
		HideSolutionNode = FALSE
	EndGlobalSection
	GlobalSection(ExtensibilityGlobals) = postSolution
		SolutionGuid = {B89A31CF-89B9-4C34-A3C2-721E77695447}
	EndGlobalSection
EndGlobal
